
Microsoft Visual Studio Solution File, Format Version 11.00
# Visual Studio 2010
Project("{FAE04EC0-301F-11D3-BF4B-00C04F79EFBC}") = "Gibbed.Fuelcell.FileFormats", "Gibbed.Fuelcell.FileFormats\Gibbed.Fuelcell.FileFormats.csproj", "{AD7E251E-0845-48D0-82F9-37CABC9B147B}"
EndProject
Project("{FAE04EC0-301F-11D3-BF4B-00C04F79EFBC}") = "Gibbed.FuelCell.Bogocrypt", "Gibbed.FuelCell.Bogocrypt\Gibbed.FuelCell.Bogocrypt.csproj", "{735EF714-3FDE-453F-925B-F4F62B158EC0}"
EndProject
Project("{FAE04EC0-301F-11D3-BF4B-00C04F79EFBC}") = "Gibbed.IO", "Gibbed.IO\Gibbed.IO.csproj", "{047857BA-DAA3-4CA7-AFB8-A1B082B28C6A}"
EndProject
Project("{FAE04EC0-301F-11D3-BF4B-00C04F79EFBC}") = "NDesk.Options", "NDesk.Options\NDesk.Options.csproj", "{C98A6CD6-9422-4B35-8B7A-F520D75534D1}"
EndProject
Global
	GlobalSection(SolutionConfigurationPlatforms) = preSolution
		Debug|Any CPU = Debug|Any CPU
		Debug|Mixed Platforms = Debug|Mixed Platforms
		Debug|x86 = Debug|x86
		Release|Any CPU = Release|Any CPU
		Release|Mixed Platforms = Release|Mixed Platforms
		Release|x86 = Release|x86
	EndGlobalSection
	GlobalSection(ProjectConfigurationPlatforms) = postSolution
		{AD7E251E-0845-48D0-82F9-37CABC9B147B}.Debug|Any CPU.ActiveCfg = Debug|Any CPU
		{AD7E251E-0845-48D0-82F9-37CABC9B147B}.Debug|Any CPU.Build.0 = Debug|Any CPU
		{AD7E251E-0845-48D0-82F9-37CABC9B147B}.Debug|Mixed Platforms.ActiveCfg = Debug|Any CPU
		{AD7E251E-0845-48D0-82F9-37CABC9B147B}.Debug|Mixed Platforms.Build.0 = Debug|Any CPU
		{AD7E251E-0845-48D0-82F9-37CABC9B147B}.Debug|x86.ActiveCfg = Debug|Any CPU
		{AD7E251E-0845-48D0-82F9-37CABC9B147B}.Release|Any CPU.ActiveCfg = Release|Any CPU
		{AD7E251E-0845-48D0-82F9-37CABC9B147B}.Release|Any CPU.Build.0 = Release|Any CPU
		{AD7E251E-0845-48D0-82F9-37CABC9B147B}.Release|Mixed Platforms.ActiveCfg = Release|Any CPU
		{AD7E251E-0845-48D0-82F9-37CABC9B147B}.Release|Mixed Platforms.Build.0 = Release|Any CPU
		{AD7E251E-0845-48D0-82F9-37CABC9B147B}.Release|x86.ActiveCfg = Release|Any CPU
		{735EF714-3FDE-453F-925B-F4F62B158EC0}.Debug|Any CPU.ActiveCfg = Debug|x86
		{735EF714-3FDE-453F-925B-F4F62B158EC0}.Debug|Mixed Platforms.ActiveCfg = Debug|x86
		{735EF714-3FDE-453F-925B-F4F62B158EC0}.Debug|Mixed Platforms.Build.0 = Debug|x86
		{735EF714-3FDE-453F-925B-F4F62B158EC0}.Debug|x86.ActiveCfg = Debug|x86
		{735EF714-3FDE-453F-925B-F4F62B158EC0}.Debug|x86.Build.0 = Debug|x86
		{735EF714-3FDE-453F-925B-F4F62B158EC0}.Release|Any CPU.ActiveCfg = Release|x86
		{735EF714-3FDE-453F-925B-F4F62B158EC0}.Release|Mixed Platforms.ActiveCfg = Release|x86
		{735EF714-3FDE-453F-925B-F4F62B158EC0}.Release|Mixed Platforms.Build.0 = Release|x86
		{735EF714-3FDE-453F-925B-F4F62B158EC0}.Release|x86.ActiveCfg = Release|x86
		{735EF714-3FDE-453F-925B-F4F62B158EC0}.Release|x86.Build.0 = Release|x86
		{047857BA-DAA3-4CA7-AFB8-A1B082B28C6A}.Debug|Any CPU.ActiveCfg = Debug|Any CPU
		{047857BA-DAA3-4CA7-AFB8-A1B082B28C6A}.Debug|Any CPU.Build.0 = Debug|Any CPU
		{047857BA-DAA3-4CA7-AFB8-A1B082B28C6A}.Debug|Mixed Platforms.ActiveCfg = Debug|Any CPU
		{047857BA-DAA3-4CA7-AFB8-A1B082B28C6A}.Debug|Mixed Platforms.Build.0 = Debug|Any CPU
		{047857BA-DAA3-4CA7-AFB8-A1B082B28C6A}.Debug|x86.ActiveCfg = Debug|Any CPU
		{047857BA-DAA3-4CA7-AFB8-A1B082B28C6A}.Release|Any CPU.ActiveCfg = Release|Any CPU
		{047857BA-DAA3-4CA7-AFB8-A1B082B28C6A}.Release|Any CPU.Build.0 = Release|Any CPU
		{047857BA-DAA3-4CA7-AFB8-A1B082B28C6A}.Release|Mixed Platforms.ActiveCfg = Release|Any CPU
		{047857BA-DAA3-4CA7-AFB8-A1B082B28C6A}.Release|Mixed Platforms.Build.0 = Release|Any CPU
		{047857BA-DAA3-4CA7-AFB8-A1B082B28C6A}.Release|x86.ActiveCfg = Release|Any CPU
		{C98A6CD6-9422-4B35-8B7A-F520D75534D1}.Debug|Any CPU.ActiveCfg = Debug|Any CPU
		{C98A6CD6-9422-4B35-8B7A-F520D75534D1}.Debug|Any CPU.Build.0 = Debug|Any CPU
		{C98A6CD6-9422-4B35-8B7A-F520D75534D1}.Debug|Mixed Platforms.ActiveCfg = Debug|Any CPU
		{C98A6CD6-9422-4B35-8B7A-F520D75534D1}.Debug|Mixed Platforms.Build.0 = Debug|Any CPU
		{C98A6CD6-9422-4B35-8B7A-F520D75534D1}.Debug|x86.ActiveCfg = Debug|Any CPU
		{C98A6CD6-9422-4B35-8B7A-F520D75534D1}.Release|Any CPU.ActiveCfg = Release|Any CPU
		{C98A6CD6-9422-4B35-8B7A-F520D75534D1}.Release|Any CPU.Build.0 = Release|Any CPU
		{C98A6CD6-9422-4B35-8B7A-F520D75534D1}.Release|Mixed Platforms.ActiveCfg = Release|Any CPU
		{C98A6CD6-9422-4B35-8B7A-F520D75534D1}.Release|Mixed Platforms.Build.0 = Release|Any CPU
		{C98A6CD6-9422-4B35-8B7A-F520D75534D1}.Release|x86.ActiveCfg = Release|Any CPU
	EndGlobalSection
	GlobalSection(SolutionProperties) = preSolution
		HideSolutionNode = FALSE
	EndGlobalSection
EndGlobal
